
Microsoft Visual Studio Solution File, Format Version 12.00
# Visual Studio Version 17
VisualStudioVersion = 17.1.32328.378
MinimumVisualStudioVersion = 10.0.40219.1
Project("{FAE04EC0-301F-11D3-BF4B-00C04F79EFBC}") = "CodingTest", "CodingTest\CodingTest.csproj", "{E05AEED1-892B-4C22-8E0E-D60918B39219}"
EndProject
Global
	GlobalSection(SolutionConfigurationPlatforms) = preSolution
		Debug|Any CPU = Debug|Any CPU
		Release|Any CPU = Release|Any CPU
	EndGlobalSection
	GlobalSection(ProjectConfigurationPlatforms) = postSolution
		{E05AEED1-892B-4C22-8E0E-D60918B39219}.Debug|Any CPU.ActiveCfg = Debug|Any CPU
		{E05AEED1-892B-4C22-8E0E-D60918B39219}.Debug|Any CPU.Build.0 = Debug|Any CPU
		{E05AEED1-892B-4C22-8E0E-D60918B39219}.Release|Any CPU.ActiveCfg = Release|Any CPU
		{E05AEED1-892B-4C22-8E0E-D60918B39219}.Release|Any CPU.Build.0 = Release|Any CPU
	EndGlobalSection
	GlobalSection(SolutionProperties) = preSolution
		HideSolutionNode = FALSE
	EndGlobalSection
	GlobalSection(ExtensibilityGlobals) = postSolution
		SolutionGuid = {387C6EFE-355E-4EA3-BB75-31FAA6172563}
	EndGlobalSection
EndGlobal
